
Microsoft Visual Studio Solution File, Format Version 12.00
# Visual Studio Version 16
VisualStudioVersion = 16.0.29920.165
MinimumVisualStudioVersion = 10.0.40219.1
Project("{FAE04EC0-301F-11D3-BF4B-00C04F79EFBC}") = "MVC2.0", "MVC2.0.csproj", "{245887C6-1E03-4A08-85F1-3A4D58AB981D}"
EndProject
Global
	GlobalSection(SolutionConfigurationPlatforms) = preSolution
		Debug|Any CPU = Debug|Any CPU
		Release|Any CPU = Release|Any CPU
	EndGlobalSection
	GlobalSection(ProjectConfigurationPlatforms) = postSolution
		{245887C6-1E03-4A08-85F1-3A4D58AB981D}.Debug|Any CPU.ActiveCfg = Debug|Any CPU
		{245887C6-1E03-4A08-85F1-3A4D58AB981D}.Debug|Any CPU.Build.0 = Debug|Any CPU
		{245887C6-1E03-4A08-85F1-3A4D58AB981D}.Release|Any CPU.ActiveCfg = Release|Any CPU
		{245887C6-1E03-4A08-85F1-3A4D58AB981D}.Release|Any CPU.Build.0 = Release|Any CPU
	EndGlobalSection
	GlobalSection(SolutionProperties) = preSolution
		HideSolutionNode = FALSE
	EndGlobalSection
	GlobalSection(ExtensibilityGlobals) = postSolution
		SolutionGuid = {97EFAFE1-CAD5-4DFB-8BA3-92493B59BB2A}
	EndGlobalSection
EndGlobal
